// !$*UTF8*$!
{
	archiveVersion = 1;
	classes = {
	};
	objectVersion = 46;
	objects = {

/* Begin PBXBuildFile section */
		895778F91AE4132F007475B1 /* AppDelegate.swift in Sources */ = {isa = PBXBuildFile; fileRef = 895778F81AE4132F007475B1 /* AppDelegate.swift */; };
		895778FB1AE4132F007475B1 /* FirstViewController.swift in Sources */ = {isa = PBXBuildFile; fileRef = 895778FA1AE4132F007475B1 /* FirstViewController.swift */; };
		895778FD1AE4132F007475B1 /* SecondViewController.swift in Sources */ = {isa = PBXBuildFile; fileRef = 895778FC1AE4132F007475B1 /* SecondViewController.swift */; };
		895779001AE4132F007475B1 /* Main.storyboard in Resources */ = {isa = PBXBuildFile; fileRef = 895778FE1AE4132F007475B1 /* Main.storyboard */; };
		895779021AE4132F007475B1 /* Images.xcassets in Resources */ = {isa = PBXBuildFile; fileRef = 895779011AE4132F007475B1 /* Images.xcassets */; };
		895779051AE4132F007475B1 /* LaunchScreen.xib in Resources */ = {isa = PBXBuildFile; fileRef = 895779031AE4132F007475B1 /* LaunchScreen.xib */; };
		895779111AE4132F007475B1 /* ClutchTimerTests.swift in Sources */ = {isa = PBXBuildFile; fileRef = 895779101AE4132F007475B1 /* ClutchTimerTests.swift */; };
/* End PBXBuildFile section */

/* Begin PBXContainerItemProxy section */
		8957790B1AE4132F007475B1 /* PBXContainerItemProxy */ = {
			isa = PBXContainerItemProxy;
			containerPortal = 895778EB1AE4132F007475B1 /* Project object */;
			proxyType = 1;
			remoteGlobalIDString = 895778F21AE4132F007475B1;
			remoteInfo = ClutchTimer;
		};
/* End PBXContainerItemProxy section */

/* Begin PBXFileReference section */
		895778F31AE4132F007475B1 /* ClutchTimer.app */ = {isa = PBXFileReference; explicitFileType = wrapper.application; includeInIndex = 0; path = ClutchTimer.app; sourceTree = BUILT_PRODUCTS_DIR; };
		895778F71AE4132F007475B1 /* Info.plist */ = {isa = PBXFileReference; lastKnownFileType = text.plist.xml; path = Info.plist; sourceTree = "<group>"; };
		895778F81AE4132F007475B1 /* AppDelegate.swift */ = {isa = PBXFileReference; lastKnownFileType = sourcecode.swift; path = AppDelegate.swift; sourceTree = "<group>"; };
		895778FA1AE4132F007475B1 /* FirstViewController.swift */ = {isa = PBXFileReference; lastKnownFileType = sourcecode.swift; path = FirstViewController.swift; sourceTree = "<group>"; };
		895778FC1AE4132F007475B1 /* SecondViewController.swift */ = {isa = PBXFileReference; lastKnownFileType = sourcecode.swift; path = SecondViewController.swift; sourceTree = "<group>"; };
		895778FF1AE4132F007475B1 /* Base */ = {isa = PBXFileReference; lastKnownFileType = file.storyboard; name = Base; path = Base.lproj/Main.storyboard; sourceTree = "<group>"; };
		895779011AE4132F007475B1 /* Images.xcassets */ = {isa = PBXFileReference; lastKnownFileType = folder.assetcatalog; path = Images.xcassets; sourceTree = "<group>"; };
		895779041AE4132F007475B1 /* Base */ = {isa = PBXFileReference; lastKnownFileType = file.xib; name = Base; path = Base.lproj/LaunchScreen.xib; sourceTree = "<group>"; };
		8957790A1AE4132F007475B1 /* ClutchTimerTests.xctest */ = {isa = PBXFileReference; explicitFileType = wrapper.cfbundle; includeInIndex = 0; path = ClutchTimerTests.xctest; sourceTree = BUILT_PRODUCTS_DIR; };
		8957790F1AE4132F007475B1 /* Info.plist */ = {isa = PBXFileReference; lastKnownFileType = text.plist.xml; path = Info.plist; sourceTree = "<group>"; };
		895779101AE4132F007475B1 /* ClutchTimerTests.swift */ = {isa = PBXFileReference; lastKnownFileType = sourcecode.swift; path = ClutchTimerTests.swift; sourceTree = "<group>"; };
/* End PBXFileReference section */

/* Begin PBXFrameworksBuildPhase section */
		895778F01AE4132F007475B1 /* Frameworks */ = {
			isa = PBXFrameworksBuildPhase;
			buildActionMask = 2147483647;
			files = (
			);
			runOnlyForDeploymentPostprocessing = 0;
		};
		895779071AE4132F007475B1 /* Frameworks */ = {
			isa = PBXFrameworksBuildPhase;
			buildActionMask = 2147483647;
			files = (
			);
			runOnlyForDeploymentPostprocessing = 0;
		};
/* End PBXFrameworksBuildPhase section */

/* Begin PBXGroup section */
		895778EA1AE4132F007475B1 = {
			isa = PBXGroup;
			children = (
				895778F51AE4132F007475B1 /* ClutchTimer */,
				8957790D1AE4132F007475B1 /* ClutchTimerTests */,
				895778F41AE4132F007475B1 /* Products */,
			);
			sourceTree = "<group>";
		};
		895778F41AE4132F007475B1 /* Products */ = {
			isa = PBXGroup;
			children = (
				895778F31AE4132F007475B1 /* ClutchTimer.app */,
				8957790A1AE4132F007475B1 /* ClutchTimerTests.xctest */,
			);
			name = Products;
			sourceTree = "<group>";
		};
		895778F51AE4132F007475B1 /* ClutchTimer */ = {
			isa = PBXGroup;
			children = (
				895778F81AE4132F007475B1 /* AppDelegate.swift */,
				895778FA1AE4132F007475B1 /* FirstViewController.swift */,
				895778FC1AE4132F007475B1 /* SecondViewController.swift */,
				895778FE1AE4132F007475B1 /* Main.storyboard */,
				895779011AE4132F007475B1 /* Images.xcassets */,
				895779031AE4132F007475B1 /* LaunchScreen.xib */,
				895778F61AE4132F007475B1 /* Supporting Files */,
			);
			path = ClutchTimer;
			sourceTree = "<group>";
		};
		895778F61AE4132F007475B1 /* Supporting Files */ = {
			isa = PBXGroup;
			children = (
				895778F71AE4132F007475B1 /* Info.plist */,
			);
			name = "Supporting Files";
			sourceTree = "<group>";
		};
		8957790D1AE4132F007475B1 /* ClutchTimerTests */ = {
			isa = PBXGroup;
			children = (
				895779101AE4132F007475B1 /* ClutchTimerTests.swift */,
				8957790E1AE4132F007475B1 /* Supporting Files */,
			);
			path = ClutchTimerTests;
			sourceTree = "<group>";
		};
		8957790E1AE4132F007475B1 /* Supporting Files */ = {
			isa = PBXGroup;
			children = (
				8957790F1AE4132F007475B1 /* Info.plist */,
			);
			name = "Supporting Files";
			sourceTree = "<group>";
		};
/* End PBXGroup section */

/* Begin PBXNativeTarget section */
		895778F21AE4132F007475B1 /* ClutchTimer */ = {
			isa = PBXNativeTarget;
			buildConfigurationList = 895779141AE4132F007475B1 /* Build configuration list for PBXNativeTarget "ClutchTimer" */;
			buildPhases = (
				895778EF1AE4132F007475B1 /* Sources */,
				895778F01AE4132F007475B1 /* Frameworks */,
				895778F11AE4132F007475B1 /* Resources */,
			);
			buildRules = (
			);
			dependencies = (
			);
			name = ClutchTimer;
			productName = ClutchTimer;
			productReference = 895778F31AE4132F007475B1 /* ClutchTimer.app */;
			productType = "com.apple.product-type.application";
		};
		895779091AE4132F007475B1 /* ClutchTimerTests */ = {
			isa = PBXNativeTarget;
			buildConfigurationList = 895779171AE4132F007475B1 /* Build configuration list for PBXNativeTarget "ClutchTimerTests" */;
			buildPhases = (
				895779061AE4132F007475B1 /* Sources */,
				895779071AE4132F007475B1 /* Frameworks */,
				895779081AE4132F007475B1 /* Resources */,
			);
			buildRules = (
			);
			dependencies = (
				8957790C1AE4132F007475B1 /* PBXTargetDependency */,
			);
			name = ClutchTimerTests;
			productName = ClutchTimerTests;
			productReference = 8957790A1AE4132F007475B1 /* ClutchTimerTests.xctest */;
			productType = "com.apple.product-type.bundle.unit-test";
		};
/* End PBXNativeTarget section */

/* Begin PBXProject section */
		895778EB1AE4132F007475B1 /* Project object */ = {
			isa = PBXProject;
			attributes = {
				LastUpgradeCheck = 0630;
				ORGANIZATIONNAME = "Spencer Ogden";
				TargetAttributes = {
					895778F21AE4132F007475B1 = {
						CreatedOnToolsVersion = 6.3;
						DevelopmentTeam = SXWFNEN6SG;
						SystemCapabilities = {
							com.apple.BackgroundModes = {
								enabled = 1;
							};
						};
					};
					895779091AE4132F007475B1 = {
						CreatedOnToolsVersion = 6.3;
						TestTargetID = 895778F21AE4132F007475B1;
					};
				};
			};
			buildConfigurationList = 895778EE1AE4132F007475B1 /* Build configuration list for PBXProject "ClutchTimer" */;
			compatibilityVersion = "Xcode 3.2";
			developmentRegion = English;
			hasScannedForEncodings = 0;
			knownRegions = (
				en,
				Base,
			);
			mainGroup = 895778EA1AE4132F007475B1;
			productRefGroup = 895778F41AE4132F007475B1 /* Products */;
			projectDirPath = "";
			projectRoot = "";
			targets = (
				895778F21AE4132F007475B1 /* ClutchTimer */,
				895779091AE4132F007475B1 /* ClutchTimerTests */,
			);
		};
/* End PBXProject section */

/* Begin PBXResourcesBuildPhase section */
		895778F11AE4132F007475B1 /* Resources */ = {
			isa = PBXResourcesBuildPhase;
			buildActionMask = 2147483647;
			files = (
				895779001AE4132F007475B1 /* Main.storyboard in Resources */,
				895779051AE4132F007475B1 /* LaunchScreen.xib in Resources */,
				895779021AE4132F007475B1 /* Images.xcassets in Resources */,
			);
			runOnlyForDeploymentPostprocessing = 0;
		};
		895779081AE4132F007475B1 /* Resources */ = {
			isa = PBXResourcesBuildPhase;
			buildActionMask = 2147483647;
			files = (
			);
			runOnlyForDeploymentPostprocessing = 0;
		};
/* End PBXResourcesBuildPhase section */

/* Begin PBXSourcesBuildPhase section */
		895778EF1AE4132F007475B1 /* Sources */ = {
			isa = PBXSourcesBuildPhase;
			buildActionMask = 2147483647;
			files = (
				895778FD1AE4132F007475B1 /* SecondViewController.swift in Sources */,
				895778F91AE4132F007475B1 /* AppDelegate.swift in Sources */,
				895778FB1AE4132F007475B1 /* FirstViewController.swift in Sources */,
			);
			runOnlyForDeploymentPostprocessing = 0;
		};
		895779061AE4132F007475B1 /* Sources */ = {
			isa = PBXSourcesBuildPhase;
			buildActionMask = 2147483647;
			files = (
				895779111AE4132F007475B1 /* ClutchTimerTests.swift in Sources */,
			);
			runOnlyForDeploymentPostprocessing = 0;
		};
/* End PBXSourcesBuildPhase section */

/* Begin PBXTargetDependency section */
		8957790C1AE4132F007475B1 /* PBXTargetDependency */ = {
			isa = PBXTargetDependency;
			target = 895778F21AE4132F007475B1 /* ClutchTimer */;
			targetProxy = 8957790B1AE4132F007475B1 /* PBXContainerItemProxy */;
		};
/* End PBXTargetDependency section */

/* Begin PBXVariantGroup section */
		895778FE1AE4132F007475B1 /* Main.storyboard */ = {
			isa = PBXVariantGroup;
			children = (
				895778FF1AE4132F007475B1 /* Base */,
			);
			name = Main.storyboard;
			sourceTree = "<group>";
		};
		895779031AE4132F007475B1 /* LaunchScreen.xib */ = {
			isa = PBXVariantGroup;
			children = (
				895779041AE4132F007475B1 /* Base */,
			);
			name = LaunchScreen.xib;
			sourceTree = "<group>";
		};
/* End PBXVariantGroup section */

/* Begin XCBuildConfiguration section */
		895779121AE4132F007475B1 /* Debug */ = {
			isa = XCBuildConfiguration;
			buildSettings = {
				ALWAYS_SEARCH_USER_PATHS = NO;
				CLANG_CXX_LANGUAGE_STANDARD = "gnu++0x";
				CLANG_CXX_LIBRARY = "libc++";
				CLANG_ENABLE_MODULES = YES;
				CLANG_ENABLE_OBJC_ARC = YES;
				CLANG_WARN_BOOL_CONVERSION = YES;
				CLANG_WARN_CONSTANT_CONVERSION = YES;
				CLANG_WARN_DIRECT_OBJC_ISA_USAGE = YES_ERROR;
				CLANG_WARN_EMPTY_BODY = YES;
				CLANG_WARN_ENUM_CONVERSION = YES;
				CLANG_WARN_INT_CONVERSION = YES;
				CLANG_WARN_OBJC_ROOT_CLASS = YES_ERROR;
				CLANG_WARN_UNREACHABLE_CODE = YES;
				CLANG_WARN__DUPLICATE_METHOD_MATCH = YES;
				"CODE_SIGN_IDENTITY[sdk=iphoneos*]" = "iPhone Developer";
				COPY_PHASE_STRIP = NO;
				DEBUG_INFORMATION_FORMAT = "dwarf-with-dsym";
				ENABLE_STRICT_OBJC_MSGSEND = YES;
				GCC_C_LANGUAGE_STANDARD = gnu99;
				GCC_DYNAMIC_NO_PIC = NO;
				GCC_NO_COMMON_BLOCKS = YES;
				GCC_OPTIMIZATION_LEVEL = 0;
				GCC_PREPROCESSOR_DEFINITIONS = (
					"DEBUG=1",
					"$(inherited)",
				);
				GCC_SYMBOLS_PRIVATE_EXTERN = NO;
				GCC_WARN_64_TO_32_BIT_CONVERSION = YES;
				GCC_WARN_ABOUT_RETURN_TYPE = YES_ERROR;
				GCC_WARN_UNDECLARED_SELECTOR = YES;
				GCC_WARN_UNINITIALIZED_AUTOS = YES_AGGRESSIVE;
				GCC_WARN_UNUSED_FUNCTION = YES;
				GCC_WARN_UNUSED_VARIABLE = YES;
				IPHONEOS_DEPLOYMENT_TARGET = 8.3;
				MTL_ENABLE_DEBUG_INFO = YES;
				ONLY_ACTIVE_ARCH = YES;
				SDKROOT = iphoneos;
				SWIFT_OPTIMIZATION_LEVEL = "-Onone";
				TARGETED_DEVICE_FAMILY = "1,2";
			};
			name = Debug;
		};
		895779131AE4132F007475B1 /* Release */ = {
			isa = XCBuildConfiguration;
			buildSettings = {
				ALWAYS_SEARCH_USER_PATHS = NO;
				CLANG_CXX_LANGUAGE_STANDARD = "gnu++0x";
				CLANG_CXX_LIBRARY = "libc++";
				CLANG_ENABLE_MODULES = YES;
				CLANG_ENABLE_OBJC_ARC = YES;
				CLANG_WARN_BOOL_CONVERSION = YES;
				CLANG_WARN_CONSTANT_CONVERSION = YES;
				CLANG_WARN_DIRECT_OBJC_ISA_USAGE = YES_ERROR;
				CLANG_WARN_EMPTY_BODY = YES;
				CLANG_WARN_ENUM_CONVERSION = YES;
				CLANG_WARN_INT_CONVERSION = YES;
				CLANG_WARN_OBJC_ROOT_CLASS = YES_ERROR;
				CLANG_WARN_UNREACHABLE_CODE = YES;
				CLANG_WARN__DUPLICATE_METHOD_MATCH = YES;
				"CODE_SIGN_IDENTITY[sdk=iphoneos*]" = "iPhone Developer";
				COPY_PHASE_STRIP = NO;
				DEBUG_INFORMATION_FORMAT = "dwarf-with-dsym";
				ENABLE_NS_ASSERTIONS = NO;
				ENABLE_STRICT_OBJC_MSGSEND = YES;
				GCC_C_LANGUAGE_STANDARD = gnu99;
				GCC_NO_COMMON_BLOCKS = YES;
				GCC_WARN_64_TO_32_BIT_CONVERSION = YES;
				GCC_WARN_ABOUT_RETURN_TYPE = YES_ERROR;
				GCC_WARN_UNDECLARED_SELECTOR = YES;
				GCC_WARN_UNINITIALIZED_AUTOS = YES_AGGRESSIVE;
				GCC_WARN_UNUSED_FUNCTION = YES;
				GCC_WARN_UNUSED_VARIABLE = YES;
				IPHONEOS_DEPLOYMENT_TARGET = 8.3;
				MTL_ENABLE_DEBUG_INFO = NO;
				SDKROOT = iphoneos;
				TARGETED_DEVICE_FAMILY = "1,2";
				VALIDATE_PRODUCT = YES;
			};
			name = Release;
		};
		895779151AE4132F007475B1 /* Debug */ = {
			isa = XCBuildConfiguration;
			buildSettings = {
				ASSETCATALOG_COMPILER_APPICON_NAME = AppIcon;
				CODE_SIGN_IDENTITY = "iPhone Developer";
				"CODE_SIGN_IDENTITY[sdk=iphoneos*]" = "iPhone Developer";
				INFOPLIST_FILE = ClutchTimer/Info.plist;
				LD_RUNPATH_SEARCH_PATHS = "$(inherited) @executable_path/Frameworks";
				PRODUCT_NAME = "$(TARGET_NAME)";
				PROVISIONING_PROFILE = "";
			};
			name = Debug;
		};
		895779161AE4132F007475B1 /* Release */ = {
			isa = XCBuildConfiguration;
			buildSettings = {
				ASSETCATALOG_COMPILER_APPICON_NAME = AppIcon;
				CODE_SIGN_IDENTITY = "iPhone Developer";
				"CODE_SIGN_IDENTITY[sdk=iphoneos*]" = "iPhone Developer";
				INFOPLIST_FILE = ClutchTimer/Info.plist;
				LD_RUNPATH_SEARCH_PATHS = "$(inherited) @executable_path/Frameworks";
				PRODUCT_NAME = "$(TARGET_NAME)";
				PROVISIONING_PROFILE = "";
			};
			name = Release;
		};
		895779181AE4132F007475B1 /* Debug */ = {
			isa = XCBuildConfiguration;
			buildSettings = {
				BUNDLE_LOADER = "$(TEST_HOST)";
				FRAMEWORK_SEARCH_PATHS = (
					"$(SDKROOT)/Developer/Library/Frameworks",
					"$(inherited)",
				);
				GCC_PREPROCESSOR_DEFINITIONS = (
					"DEBUG=1",
					"$(inherited)",
				);
				INFOPLIST_FILE = ClutchTimerTests/Info.plist;
				LD_RUNPATH_SEARCH_PATHS = "$(inherited) @executable_path/Frameworks @loader_path/Frameworks";
				PRODUCT_NAME = "$(TARGET_NAME)";
				TEST_HOST = "$(BUILT_PRODUCTS_DIR)/ClutchTimer.app/ClutchTimer";
			};
			name = Debug;
		};
		895779191AE4132F007475B1 /* Release */ = {
			isa = XCBuildConfiguration;
			buildSettings = {
				BUNDLE_LOADER = "$(TEST_HOST)";
				FRAMEWORK_SEARCH_PATHS = (
					"$(SDKROOT)/Developer/Library/Frameworks",
					"$(inherited)",
				);
				INFOPLIST_FILE = ClutchTimerTests/Info.plist;
				LD_RUNPATH_SEARCH_PATHS = "$(inherited) @executable_path/Frameworks @loader_path/Frameworks";
				PRODUCT_NAME = "$(TARGET_NAME)";
				TEST_HOST = "$(BUILT_PRODUCTS_DIR)/ClutchTimer.app/ClutchTimer";
			};
			name = Release;
		};
/* End XCBuildConfiguration section */

/* Begin XCConfigurationList section */
		895778EE1AE4132F007475B1 /* Build configuration list for PBXProject "ClutchTimer" */ = {
			isa = XCConfigurationList;
			buildConfigurations = (
				895779121AE4132F007475B1 /* Debug */,
				895779131AE4132F007475B1 /* Release */,
			);
			defaultConfigurationIsVisible = 0;
			defaultConfigurationName = Release;
		};
		895779141AE4132F007475B1 /* Build configuration list for PBXNativeTarget "ClutchTimer" */ = {
			isa = XCConfigurationList;
			buildConfigurations = (
				895779151AE4132F007475B1 /* Debug */,
				895779161AE4132F007475B1 /* Release */,
			);
			defaultConfigurationIsVisible = 0;
			defaultConfigurationName = Release;
		};
		895779171AE4132F007475B1 /* Build configuration list for PBXNativeTarget "ClutchTimerTests" */ = {
			isa = XCConfigurationList;
			buildConfigurations = (
				895779181AE4132F007475B1 /* Debug */,
				895779191AE4132F007475B1 /* Release */,
			);
			defaultConfigurationIsVisible = 0;
			defaultConfigurationName = Release;
		};
/* End XCConfigurationList section */
	};
	rootObject = 895778EB1AE4132F007475B1 /* Project object */;
}
